
Microsoft Visual Studio Solution File, Format Version 12.00
# Visual Studio Version 16
VisualStudioVersion = 16.0.31005.135
MinimumVisualStudioVersion = 10.0.40219.1
Project("{2150E333-8FDC-42A3-9474-1A3956D46DE8}") = "Docs", "Docs", "{AC4FD8F4-793B-49E8-9D57-2E3EB940A727}"
	ProjectSection(SolutionItems) = preProject
		Docs\Packages.txt = Docs\Packages.txt
		Docs\References.txt = Docs\References.txt
	EndProjectSection
EndProject
Project("{2150E333-8FDC-42A3-9474-1A3956D46DE8}") = "Src", "Src", "{9882E894-2474-4A54-B5F6-28ADFC829AF0}"
EndProject
Project("{2150E333-8FDC-42A3-9474-1A3956D46DE8}") = "Core", "Core", "{F82DA50D-950E-45B6-909C-E3AAC264A377}"
EndProject
Project("{2150E333-8FDC-42A3-9474-1A3956D46DE8}") = "Migrations", "Migrations", "{48E7ECE8-C447-428A-825C-9A04E4B3A881}"
EndProject
Project("{2150E333-8FDC-42A3-9474-1A3956D46DE8}") = "Presentation", "Presentation", "{A070AC67-5741-4112-B209-F01A8E67CDF9}"
EndProject
Project("{2150E333-8FDC-42A3-9474-1A3956D46DE8}") = "Web", "Web", "{F4A62930-C2FE-4975-9FB2-EE487F1A2EA9}"
EndProject
Project("{2150E333-8FDC-42A3-9474-1A3956D46DE8}") = "Mobile", "Mobile", "{D1920329-D2C5-421D-B791-EDD9A7E3D3BB}"
EndProject
Project("{2150E333-8FDC-42A3-9474-1A3956D46DE8}") = "Desktop", "Desktop", "{7CFFE1D6-E020-4E9E-A89F-2E591AAE75DD}"
EndProject
Project("{9A19103F-16F7-4668-BE54-9A1E7A4F7556}") = "Lynx.ConsoleApp", "Lynx.ConsoleApp\Lynx.ConsoleApp.csproj", "{F5B5F082-590F-48DF-BF4F-1556B0CECF44}"
EndProject
Project("{9A19103F-16F7-4668-BE54-9A1E7A4F7556}") = "Lynx", "Lynx\Lynx.csproj", "{36D83CB0-FA73-4210-9A9A-AEB7778889DE}"
EndProject
Project("{9A19103F-16F7-4668-BE54-9A1E7A4F7556}") = "Lynx.Application", "Lynx.Application\Lynx.Application.csproj", "{7D348C54-8A30-426F-8CCB-0322D325BAEB}"
EndProject
Project("{9A19103F-16F7-4668-BE54-9A1E7A4F7556}") = "Lynx.Infrastructure", "Lynx.Infrastructure\Lynx.Infrastructure.csproj", "{CFAED3ED-B2D8-49B5-B857-3FD2D8A6F677}"
EndProject
Project("{2150E333-8FDC-42A3-9474-1A3956D46DE8}") = "Solution Items", "Solution Items", "{A21E1C1C-E7C0-4CBE-9D09-D615BC5D37EA}"
	ProjectSection(SolutionItems) = preProject
		.editorconfig = .editorconfig
	EndProjectSection
EndProject
Project("{9A19103F-16F7-4668-BE54-9A1E7A4F7556}") = "Lynx.DbMigration.SqlServer", "Aerish.DbMigration.SqlServer\Lynx.DbMigration.SqlServer.csproj", "{52B174CC-241A-43C0-948E-F8A4133DA5D5}"
EndProject
Project("{9A19103F-16F7-4668-BE54-9A1E7A4F7556}") = "Lynx.DbMigration.SQLite", "Lynx.DbMigration.SQLite\Lynx.DbMigration.SQLite.csproj", "{A73B40AB-30E2-4CB6-942E-27E57606E46E}"
EndProject
Project("{FAE04EC0-301F-11D3-BF4B-00C04F79EFBC}") = "Lynx.MobileApp.Android", "Lynx.MobileApp\Lynx.MobileApp.Android\Lynx.MobileApp.Android.csproj", "{203DB404-679B-4347-9A8A-62311A72DBCE}"
EndProject
Project("{FAE04EC0-301F-11D3-BF4B-00C04F79EFBC}") = "Lynx.MobileApp.iOS", "Lynx.MobileApp\Lynx.MobileApp.iOS\Lynx.MobileApp.iOS.csproj", "{67A8E6F3-9CAD-4504-9EA9-812A4862A064}"
EndProject
Project("{9A19103F-16F7-4668-BE54-9A1E7A4F7556}") = "Lynx.MobileApp", "Lynx.MobileApp\Lynx.MobileApp\Lynx.MobileApp.csproj", "{E387504A-FA75-4507-A5A1-C67CFFE63D56}"
EndProject
Project("{9A19103F-16F7-4668-BE54-9A1E7A4F7556}") = "Lynx.WebAPI", "Lynx.WebAPI\Lynx.WebAPI.csproj", "{7B42D271-4A71-493A-B8C3-874BF8100553}"
EndProject
Project("{2150E333-8FDC-42A3-9474-1A3956D46DE8}") = "MobileApp", "MobileApp", "{C592C7D9-638B-4FEB-94C9-B0484ADAEE8B}"
EndProject
Project("{FAE04EC0-301F-11D3-BF4B-00C04F79EFBC}") = "Lynx.MobileApp.Android", "MobileApp\Lynx.MobileApp\Android\Lynx.MobileApp.Android.csproj", "{F5CCD729-27DF-4D3B-85A5-F001967A85F6}"
EndProject
Project("{FAE04EC0-301F-11D3-BF4B-00C04F79EFBC}") = "Lynx.MobileApp.iOS", "MobileApp\Lynx.MobileApp\iOS\Lynx.MobileApp.iOS.csproj", "{B76B3270-B38A-44FD-9D6C-BE5B636AA90B}"
EndProject
Project("{FAE04EC0-301F-11D3-BF4B-00C04F79EFBC}") = "Lynx.MobileApp.Portable", "MobileApp\Lynx.MobileApp\Portable\Lynx.MobileApp.Portable.csproj", "{2EBFB056-221D-4BF1-A8AB-A34D9CFA2E60}"
EndProject
Global
	GlobalSection(SolutionConfigurationPlatforms) = preSolution
		Ad-Hoc|Any CPU = Ad-Hoc|Any CPU
		Ad-Hoc|iPhone = Ad-Hoc|iPhone
		Ad-Hoc|iPhoneSimulator = Ad-Hoc|iPhoneSimulator
		AppStore|Any CPU = AppStore|Any CPU
		AppStore|iPhone = AppStore|iPhone
		AppStore|iPhoneSimulator = AppStore|iPhoneSimulator
		Debug|Any CPU = Debug|Any CPU
		Debug|iPhone = Debug|iPhone
		Debug|iPhoneSimulator = Debug|iPhoneSimulator
		Release|Any CPU = Release|Any CPU
		Release|iPhone = Release|iPhone
		Release|iPhoneSimulator = Release|iPhoneSimulator
	EndGlobalSection
	GlobalSection(ProjectConfigurationPlatforms) = postSolution
		{F5B5F082-590F-48DF-BF4F-1556B0CECF44}.Ad-Hoc|Any CPU.ActiveCfg = Release|Any CPU
		{F5B5F082-590F-48DF-BF4F-1556B0CECF44}.Ad-Hoc|Any CPU.Build.0 = Release|Any CPU
		{F5B5F082-590F-48DF-BF4F-1556B0CECF44}.Ad-Hoc|iPhone.ActiveCfg = Release|Any CPU
		{F5B5F082-590F-48DF-BF4F-1556B0CECF44}.Ad-Hoc|iPhone.Build.0 = Release|Any CPU
		{F5B5F082-590F-48DF-BF4F-1556B0CECF44}.Ad-Hoc|iPhoneSimulator.ActiveCfg = Release|Any CPU
		{F5B5F082-590F-48DF-BF4F-1556B0CECF44}.Ad-Hoc|iPhoneSimulator.Build.0 = Release|Any CPU
		{F5B5F082-590F-48DF-BF4F-1556B0CECF44}.AppStore|Any CPU.ActiveCfg = Release|Any CPU
		{F5B5F082-590F-48DF-BF4F-1556B0CECF44}.AppStore|Any CPU.Build.0 = Release|Any CPU
		{F5B5F082-590F-48DF-BF4F-1556B0CECF44}.AppStore|iPhone.ActiveCfg = Release|Any CPU
		{F5B5F082-590F-48DF-BF4F-1556B0CECF44}.AppStore|iPhone.Build.0 = Release|Any CPU
		{F5B5F082-590F-48DF-BF4F-1556B0CECF44}.AppStore|iPhoneSimulator.ActiveCfg = Release|Any CPU
		{F5B5F082-590F-48DF-BF4F-1556B0CECF44}.AppStore|iPhoneSimulator.Build.0 = Release|Any CPU
		{F5B5F082-590F-48DF-BF4F-1556B0CECF44}.Debug|Any CPU.ActiveCfg = Debug|Any CPU
		{F5B5F082-590F-48DF-BF4F-1556B0CECF44}.Debug|Any CPU.Build.0 = Debug|Any CPU
		{F5B5F082-590F-48DF-BF4F-1556B0CECF44}.Debug|iPhone.ActiveCfg = Debug|Any CPU
		{F5B5F082-590F-48DF-BF4F-1556B0CECF44}.Debug|iPhone.Build.0 = Debug|Any CPU
		{F5B5F082-590F-48DF-BF4F-1556B0CECF44}.Debug|iPhoneSimulator.ActiveCfg = Debug|Any CPU
		{F5B5F082-590F-48DF-BF4F-1556B0CECF44}.Debug|iPhoneSimulator.Build.0 = Debug|Any CPU
		{F5B5F082-590F-48DF-BF4F-1556B0CECF44}.Release|Any CPU.ActiveCfg = Release|Any CPU
		{F5B5F082-590F-48DF-BF4F-1556B0CECF44}.Release|Any CPU.Build.0 = Release|Any CPU
		{F5B5F082-590F-48DF-BF4F-1556B0CECF44}.Release|iPhone.ActiveCfg = Release|Any CPU
		{F5B5F082-590F-48DF-BF4F-1556B0CECF44}.Release|iPhone.Build.0 = Release|Any CPU
		{F5B5F082-590F-48DF-BF4F-1556B0CECF44}.Release|iPhoneSimulator.ActiveCfg = Release|Any CPU
		{F5B5F082-590F-48DF-BF4F-1556B0CECF44}.Release|iPhoneSimulator.Build.0 = Release|Any CPU
		{36D83CB0-FA73-4210-9A9A-AEB7778889DE}.Ad-Hoc|Any CPU.ActiveCfg = Release|Any CPU
		{36D83CB0-FA73-4210-9A9A-AEB7778889DE}.Ad-Hoc|Any CPU.Build.0 = Release|Any CPU
		{36D83CB0-FA73-4210-9A9A-AEB7778889DE}.Ad-Hoc|iPhone.ActiveCfg = Release|Any CPU
		{36D83CB0-FA73-4210-9A9A-AEB7778889DE}.Ad-Hoc|iPhone.Build.0 = Release|Any CPU
		{36D83CB0-FA73-4210-9A9A-AEB7778889DE}.Ad-Hoc|iPhoneSimulator.ActiveCfg = Release|Any CPU
		{36D83CB0-FA73-4210-9A9A-AEB7778889DE}.Ad-Hoc|iPhoneSimulator.Build.0 = Release|Any CPU
		{36D83CB0-FA73-4210-9A9A-AEB7778889DE}.AppStore|Any CPU.ActiveCfg = Release|Any CPU
		{36D83CB0-FA73-4210-9A9A-AEB7778889DE}.AppStore|Any CPU.Build.0 = Release|Any CPU
		{36D83CB0-FA73-4210-9A9A-AEB7778889DE}.AppStore|iPhone.ActiveCfg = Release|Any CPU
		{36D83CB0-FA73-4210-9A9A-AEB7778889DE}.AppStore|iPhone.Build.0 = Release|Any CPU
		{36D83CB0-FA73-4210-9A9A-AEB7778889DE}.AppStore|iPhoneSimulator.ActiveCfg = Release|Any CPU
		{36D83CB0-FA73-4210-9A9A-AEB7778889DE}.AppStore|iPhoneSimulator.Build.0 = Release|Any CPU
		{36D83CB0-FA73-4210-9A9A-AEB7778889DE}.Debug|Any CPU.ActiveCfg = Debug|Any CPU
		{36D83CB0-FA73-4210-9A9A-AEB7778889DE}.Debug|Any CPU.Build.0 = Debug|Any CPU
		{36D83CB0-FA73-4210-9A9A-AEB7778889DE}.Debug|iPhone.ActiveCfg = Debug|Any CPU
		{36D83CB0-FA73-4210-9A9A-AEB7778889DE}.Debug|iPhone.Build.0 = Debug|Any CPU
		{36D83CB0-FA73-4210-9A9A-AEB7778889DE}.Debug|iPhoneSimulator.ActiveCfg = Debug|Any CPU
		{36D83CB0-FA73-4210-9A9A-AEB7778889DE}.Debug|iPhoneSimulator.Build.0 = Debug|Any CPU
		{36D83CB0-FA73-4210-9A9A-AEB7778889DE}.Release|Any CPU.ActiveCfg = Release|Any CPU
		{36D83CB0-FA73-4210-9A9A-AEB7778889DE}.Release|Any CPU.Build.0 = Release|Any CPU
		{36D83CB0-FA73-4210-9A9A-AEB7778889DE}.Release|iPhone.ActiveCfg = Release|Any CPU
		{36D83CB0-FA73-4210-9A9A-AEB7778889DE}.Release|iPhone.Build.0 = Release|Any CPU
		{36D83CB0-FA73-4210-9A9A-AEB7778889DE}.Release|iPhoneSimulator.ActiveCfg = Release|Any CPU
		{36D83CB0-FA73-4210-9A9A-AEB7778889DE}.Release|iPhoneSimulator.Build.0 = Release|Any CPU
		{7D348C54-8A30-426F-8CCB-0322D325BAEB}.Ad-Hoc|Any CPU.ActiveCfg = Release|Any CPU
		{7D348C54-8A30-426F-8CCB-0322D325BAEB}.Ad-Hoc|Any CPU.Build.0 = Release|Any CPU
		{7D348C54-8A30-426F-8CCB-0322D325BAEB}.Ad-Hoc|iPhone.ActiveCfg = Release|Any CPU
		{7D348C54-8A30-426F-8CCB-0322D325BAEB}.Ad-Hoc|iPhone.Build.0 = Release|Any CPU
		{7D348C54-8A30-426F-8CCB-0322D325BAEB}.Ad-Hoc|iPhoneSimulator.ActiveCfg = Release|Any CPU
		{7D348C54-8A30-426F-8CCB-0322D325BAEB}.Ad-Hoc|iPhoneSimulator.Build.0 = Release|Any CPU
		{7D348C54-8A30-426F-8CCB-0322D325BAEB}.AppStore|Any CPU.ActiveCfg = Release|Any CPU
		{7D348C54-8A30-426F-8CCB-0322D325BAEB}.AppStore|Any CPU.Build.0 = Release|Any CPU
		{7D348C54-8A30-426F-8CCB-0322D325BAEB}.AppStore|iPhone.ActiveCfg = Release|Any CPU
		{7D348C54-8A30-426F-8CCB-0322D325BAEB}.AppStore|iPhone.Build.0 = Release|Any CPU
		{7D348C54-8A30-426F-8CCB-0322D325BAEB}.AppStore|iPhoneSimulator.ActiveCfg = Release|Any CPU
		{7D348C54-8A30-426F-8CCB-0322D325BAEB}.AppStore|iPhoneSimulator.Build.0 = Release|Any CPU
		{7D348C54-8A30-426F-8CCB-0322D325BAEB}.Debug|Any CPU.ActiveCfg = Debug|Any CPU
		{7D348C54-8A30-426F-8CCB-0322D325BAEB}.Debug|Any CPU.Build.0 = Debug|Any CPU
		{7D348C54-8A30-426F-8CCB-0322D325BAEB}.Debug|iPhone.ActiveCfg = Debug|Any CPU
		{7D348C54-8A30-426F-8CCB-0322D325BAEB}.Debug|iPhone.Build.0 = Debug|Any CPU
		{7D348C54-8A30-426F-8CCB-0322D325BAEB}.Debug|iPhoneSimulator.ActiveCfg = Debug|Any CPU
		{7D348C54-8A30-426F-8CCB-0322D325BAEB}.Debug|iPhoneSimulator.Build.0 = Debug|Any CPU
		{7D348C54-8A30-426F-8CCB-0322D325BAEB}.Release|Any CPU.ActiveCfg = Release|Any CPU
		{7D348C54-8A30-426F-8CCB-0322D325BAEB}.Release|Any CPU.Build.0 = Release|Any CPU
		{7D348C54-8A30-426F-8CCB-0322D325BAEB}.Release|iPhone.ActiveCfg = Release|Any CPU
		{7D348C54-8A30-426F-8CCB-0322D325BAEB}.Release|iPhone.Build.0 = Release|Any CPU
		{7D348C54-8A30-426F-8CCB-0322D325BAEB}.Release|iPhoneSimulator.ActiveCfg = Release|Any CPU
		{7D348C54-8A30-426F-8CCB-0322D325BAEB}.Release|iPhoneSimulator.Build.0 = Release|Any CPU
		{CFAED3ED-B2D8-49B5-B857-3FD2D8A6F677}.Ad-Hoc|Any CPU.ActiveCfg = Release|Any CPU
		{CFAED3ED-B2D8-49B5-B857-3FD2D8A6F677}.Ad-Hoc|Any CPU.Build.0 = Release|Any CPU
		{CFAED3ED-B2D8-49B5-B857-3FD2D8A6F677}.Ad-Hoc|iPhone.ActiveCfg = Release|Any CPU
		{CFAED3ED-B2D8-49B5-B857-3FD2D8A6F677}.Ad-Hoc|iPhone.Build.0 = Release|Any CPU
		{CFAED3ED-B2D8-49B5-B857-3FD2D8A6F677}.Ad-Hoc|iPhoneSimulator.ActiveCfg = Release|Any CPU
		{CFAED3ED-B2D8-49B5-B857-3FD2D8A6F677}.Ad-Hoc|iPhoneSimulator.Build.0 = Release|Any CPU
		{CFAED3ED-B2D8-49B5-B857-3FD2D8A6F677}.AppStore|Any CPU.ActiveCfg = Release|Any CPU
		{CFAED3ED-B2D8-49B5-B857-3FD2D8A6F677}.AppStore|Any CPU.Build.0 = Release|Any CPU
		{CFAED3ED-B2D8-49B5-B857-3FD2D8A6F677}.AppStore|iPhone.ActiveCfg = Release|Any CPU
		{CFAED3ED-B2D8-49B5-B857-3FD2D8A6F677}.AppStore|iPhone.Build.0 = Release|Any CPU
		{CFAED3ED-B2D8-49B5-B857-3FD2D8A6F677}.AppStore|iPhoneSimulator.ActiveCfg = Release|Any CPU
		{CFAED3ED-B2D8-49B5-B857-3FD2D8A6F677}.AppStore|iPhoneSimulator.Build.0 = Release|Any CPU
		{CFAED3ED-B2D8-49B5-B857-3FD2D8A6F677}.Debug|Any CPU.ActiveCfg = Debug|Any CPU
		{CFAED3ED-B2D8-49B5-B857-3FD2D8A6F677}.Debug|Any CPU.Build.0 = Debug|Any CPU
		{CFAED3ED-B2D8-49B5-B857-3FD2D8A6F677}.Debug|iPhone.ActiveCfg = Debug|Any CPU
		{CFAED3ED-B2D8-49B5-B857-3FD2D8A6F677}.Debug|iPhone.Build.0 = Debug|Any CPU
		{CFAED3ED-B2D8-49B5-B857-3FD2D8A6F677}.Debug|iPhoneSimulator.ActiveCfg = Debug|Any CPU
		{CFAED3ED-B2D8-49B5-B857-3FD2D8A6F677}.Debug|iPhoneSimulator.Build.0 = Debug|Any CPU
		{CFAED3ED-B2D8-49B5-B857-3FD2D8A6F677}.Release|Any CPU.ActiveCfg = Release|Any CPU
		{CFAED3ED-B2D8-49B5-B857-3FD2D8A6F677}.Release|Any CPU.Build.0 = Release|Any CPU
		{CFAED3ED-B2D8-49B5-B857-3FD2D8A6F677}.Release|iPhone.ActiveCfg = Release|Any CPU
		{CFAED3ED-B2D8-49B5-B857-3FD2D8A6F677}.Release|iPhone.Build.0 = Release|Any CPU
		{CFAED3ED-B2D8-49B5-B857-3FD2D8A6F677}.Release|iPhoneSimulator.ActiveCfg = Release|Any CPU
		{CFAED3ED-B2D8-49B5-B857-3FD2D8A6F677}.Release|iPhoneSimulator.Build.0 = Release|Any CPU
		{52B174CC-241A-43C0-948E-F8A4133DA5D5}.Ad-Hoc|Any CPU.ActiveCfg = Release|Any CPU
		{52B174CC-241A-43C0-948E-F8A4133DA5D5}.Ad-Hoc|Any CPU.Build.0 = Release|Any CPU
		{52B174CC-241A-43C0-948E-F8A4133DA5D5}.Ad-Hoc|iPhone.ActiveCfg = Release|Any CPU
		{52B174CC-241A-43C0-948E-F8A4133DA5D5}.Ad-Hoc|iPhone.Build.0 = Release|Any CPU
		{52B174CC-241A-43C0-948E-F8A4133DA5D5}.Ad-Hoc|iPhoneSimulator.ActiveCfg = Release|Any CPU
		{52B174CC-241A-43C0-948E-F8A4133DA5D5}.Ad-Hoc|iPhoneSimulator.Build.0 = Release|Any CPU
		{52B174CC-241A-43C0-948E-F8A4133DA5D5}.AppStore|Any CPU.ActiveCfg = Release|Any CPU
		{52B174CC-241A-43C0-948E-F8A4133DA5D5}.AppStore|Any CPU.Build.0 = Release|Any CPU
		{52B174CC-241A-43C0-948E-F8A4133DA5D5}.AppStore|iPhone.ActiveCfg = Release|Any CPU
		{52B174CC-241A-43C0-948E-F8A4133DA5D5}.AppStore|iPhone.Build.0 = Release|Any CPU
		{52B174CC-241A-43C0-948E-F8A4133DA5D5}.AppStore|iPhoneSimulator.ActiveCfg = Release|Any CPU
		{52B174CC-241A-43C0-948E-F8A4133DA5D5}.AppStore|iPhoneSimulator.Build.0 = Release|Any CPU
		{52B174CC-241A-43C0-948E-F8A4133DA5D5}.Debug|Any CPU.ActiveCfg = Debug|Any CPU
		{52B174CC-241A-43C0-948E-F8A4133DA5D5}.Debug|Any CPU.Build.0 = Debug|Any CPU
		{52B174CC-241A-43C0-948E-F8A4133DA5D5}.Debug|iPhone.ActiveCfg = Debug|Any CPU
		{52B174CC-241A-43C0-948E-F8A4133DA5D5}.Debug|iPhone.Build.0 = Debug|Any CPU
		{52B174CC-241A-43C0-948E-F8A4133DA5D5}.Debug|iPhoneSimulator.ActiveCfg = Debug|Any CPU
		{52B174CC-241A-43C0-948E-F8A4133DA5D5}.Debug|iPhoneSimulator.Build.0 = Debug|Any CPU
		{52B174CC-241A-43C0-948E-F8A4133DA5D5}.Release|Any CPU.ActiveCfg = Release|Any CPU
		{52B174CC-241A-43C0-948E-F8A4133DA5D5}.Release|Any CPU.Build.0 = Release|Any CPU
		{52B174CC-241A-43C0-948E-F8A4133DA5D5}.Release|iPhone.ActiveCfg = Release|Any CPU
		{52B174CC-241A-43C0-948E-F8A4133DA5D5}.Release|iPhone.Build.0 = Release|Any CPU
		{52B174CC-241A-43C0-948E-F8A4133DA5D5}.Release|iPhoneSimulator.ActiveCfg = Release|Any CPU
		{52B174CC-241A-43C0-948E-F8A4133DA5D5}.Release|iPhoneSimulator.Build.0 = Release|Any CPU
		{A73B40AB-30E2-4CB6-942E-27E57606E46E}.Ad-Hoc|Any CPU.ActiveCfg = Release|Any CPU
		{A73B40AB-30E2-4CB6-942E-27E57606E46E}.Ad-Hoc|Any CPU.Build.0 = Release|Any CPU
		{A73B40AB-30E2-4CB6-942E-27E57606E46E}.Ad-Hoc|iPhone.ActiveCfg = Release|Any CPU
		{A73B40AB-30E2-4CB6-942E-27E57606E46E}.Ad-Hoc|iPhone.Build.0 = Release|Any CPU
		{A73B40AB-30E2-4CB6-942E-27E57606E46E}.Ad-Hoc|iPhoneSimulator.ActiveCfg = Release|Any CPU
		{A73B40AB-30E2-4CB6-942E-27E57606E46E}.Ad-Hoc|iPhoneSimulator.Build.0 = Release|Any CPU
		{A73B40AB-30E2-4CB6-942E-27E57606E46E}.AppStore|Any CPU.ActiveCfg = Release|Any CPU
		{A73B40AB-30E2-4CB6-942E-27E57606E46E}.AppStore|Any CPU.Build.0 = Release|Any CPU
		{A73B40AB-30E2-4CB6-942E-27E57606E46E}.AppStore|iPhone.ActiveCfg = Release|Any CPU
		{A73B40AB-30E2-4CB6-942E-27E57606E46E}.AppStore|iPhone.Build.0 = Release|Any CPU
		{A73B40AB-30E2-4CB6-942E-27E57606E46E}.AppStore|iPhoneSimulator.ActiveCfg = Release|Any CPU
		{A73B40AB-30E2-4CB6-942E-27E57606E46E}.AppStore|iPhoneSimulator.Build.0 = Release|Any CPU
		{A73B40AB-30E2-4CB6-942E-27E57606E46E}.Debug|Any CPU.ActiveCfg = Debug|Any CPU
		{A73B40AB-30E2-4CB6-942E-27E57606E46E}.Debug|Any CPU.Build.0 = Debug|Any CPU
		{A73B40AB-30E2-4CB6-942E-27E57606E46E}.Debug|iPhone.ActiveCfg = Debug|Any CPU
		{A73B40AB-30E2-4CB6-942E-27E57606E46E}.Debug|iPhone.Build.0 = Debug|Any CPU
		{A73B40AB-30E2-4CB6-942E-27E57606E46E}.Debug|iPhoneSimulator.ActiveCfg = Debug|Any CPU
		{A73B40AB-30E2-4CB6-942E-27E57606E46E}.Debug|iPhoneSimulator.Build.0 = Debug|Any CPU
		{A73B40AB-30E2-4CB6-942E-27E57606E46E}.Release|Any CPU.ActiveCfg = Release|Any CPU
		{A73B40AB-30E2-4CB6-942E-27E57606E46E}.Release|Any CPU.Build.0 = Release|Any CPU
		{A73B40AB-30E2-4CB6-942E-27E57606E46E}.Release|iPhone.ActiveCfg = Release|Any CPU
		{A73B40AB-30E2-4CB6-942E-27E57606E46E}.Release|iPhone.Build.0 = Release|Any CPU
		{A73B40AB-30E2-4CB6-942E-27E57606E46E}.Release|iPhoneSimulator.ActiveCfg = Release|Any CPU
		{A73B40AB-30E2-4CB6-942E-27E57606E46E}.Release|iPhoneSimulator.Build.0 = Release|Any CPU
		{203DB404-679B-4347-9A8A-62311A72DBCE}.Ad-Hoc|Any CPU.ActiveCfg = Release|Any CPU
		{203DB404-679B-4347-9A8A-62311A72DBCE}.Ad-Hoc|Any CPU.Build.0 = Release|Any CPU
		{203DB404-679B-4347-9A8A-62311A72DBCE}.Ad-Hoc|Any CPU.Deploy.0 = Release|Any CPU
		{203DB404-679B-4347-9A8A-62311A72DBCE}.Ad-Hoc|iPhone.ActiveCfg = Release|Any CPU
		{203DB404-679B-4347-9A8A-62311A72DBCE}.Ad-Hoc|iPhone.Build.0 = Release|Any CPU
		{203DB404-679B-4347-9A8A-62311A72DBCE}.Ad-Hoc|iPhone.Deploy.0 = Release|Any CPU
		{203DB404-679B-4347-9A8A-62311A72DBCE}.Ad-Hoc|iPhoneSimulator.ActiveCfg = Release|Any CPU
		{203DB404-679B-4347-9A8A-62311A72DBCE}.Ad-Hoc|iPhoneSimulator.Build.0 = Release|Any CPU
		{203DB404-679B-4347-9A8A-62311A72DBCE}.Ad-Hoc|iPhoneSimulator.Deploy.0 = Release|Any CPU
		{203DB404-679B-4347-9A8A-62311A72DBCE}.AppStore|Any CPU.ActiveCfg = Release|Any CPU
		{203DB404-679B-4347-9A8A-62311A72DBCE}.AppStore|Any CPU.Build.0 = Release|Any CPU
		{203DB404-679B-4347-9A8A-62311A72DBCE}.AppStore|Any CPU.Deploy.0 = Release|Any CPU
		{203DB404-679B-4347-9A8A-62311A72DBCE}.AppStore|iPhone.ActiveCfg = Release|Any CPU
		{203DB404-679B-4347-9A8A-62311A72DBCE}.AppStore|iPhone.Build.0 = Release|Any CPU
		{203DB404-679B-4347-9A8A-62311A72DBCE}.AppStore|iPhone.Deploy.0 = Release|Any CPU
		{203DB404-679B-4347-9A8A-62311A72DBCE}.AppStore|iPhoneSimulator.ActiveCfg = Release|Any CPU
		{203DB404-679B-4347-9A8A-62311A72DBCE}.AppStore|iPhoneSimulator.Build.0 = Release|Any CPU
		{203DB404-679B-4347-9A8A-62311A72DBCE}.AppStore|iPhoneSimulator.Deploy.0 = Release|Any CPU
		{203DB404-679B-4347-9A8A-62311A72DBCE}.Debug|Any CPU.ActiveCfg = Debug|Any CPU
		{203DB404-679B-4347-9A8A-62311A72DBCE}.Debug|Any CPU.Build.0 = Debug|Any CPU
		{203DB404-679B-4347-9A8A-62311A72DBCE}.Debug|Any CPU.Deploy.0 = Debug|Any CPU
		{203DB404-679B-4347-9A8A-62311A72DBCE}.Debug|iPhone.ActiveCfg = Debug|Any CPU
		{203DB404-679B-4347-9A8A-62311A72DBCE}.Debug|iPhone.Build.0 = Debug|Any CPU
		{203DB404-679B-4347-9A8A-62311A72DBCE}.Debug|iPhone.Deploy.0 = Debug|Any CPU
		{203DB404-679B-4347-9A8A-62311A72DBCE}.Debug|iPhoneSimulator.ActiveCfg = Debug|Any CPU
		{203DB404-679B-4347-9A8A-62311A72DBCE}.Debug|iPhoneSimulator.Build.0 = Debug|Any CPU
		{203DB404-679B-4347-9A8A-62311A72DBCE}.Debug|iPhoneSimulator.Deploy.0 = Debug|Any CPU
		{203DB404-679B-4347-9A8A-62311A72DBCE}.Release|Any CPU.ActiveCfg = Release|Any CPU
		{203DB404-679B-4347-9A8A-62311A72DBCE}.Release|Any CPU.Build.0 = Release|Any CPU
		{203DB404-679B-4347-9A8A-62311A72DBCE}.Release|Any CPU.Deploy.0 = Release|Any CPU
		{203DB404-679B-4347-9A8A-62311A72DBCE}.Release|iPhone.ActiveCfg = Release|Any CPU
		{203DB404-679B-4347-9A8A-62311A72DBCE}.Release|iPhone.Build.0 = Release|Any CPU
		{203DB404-679B-4347-9A8A-62311A72DBCE}.Release|iPhone.Deploy.0 = Release|Any CPU
		{203DB404-679B-4347-9A8A-62311A72DBCE}.Release|iPhoneSimulator.ActiveCfg = Release|Any CPU
		{203DB404-679B-4347-9A8A-62311A72DBCE}.Release|iPhoneSimulator.Build.0 = Release|Any CPU
		{203DB404-679B-4347-9A8A-62311A72DBCE}.Release|iPhoneSimulator.Deploy.0 = Release|Any CPU
		{67A8E6F3-9CAD-4504-9EA9-812A4862A064}.Ad-Hoc|Any CPU.ActiveCfg = Release|iPhone
		{67A8E6F3-9CAD-4504-9EA9-812A4862A064}.Ad-Hoc|iPhone.ActiveCfg = Release|iPhone
		{67A8E6F3-9CAD-4504-9EA9-812A4862A064}.Ad-Hoc|iPhoneSimulator.ActiveCfg = Release|iPhoneSimulator
		{67A8E6F3-9CAD-4504-9EA9-812A4862A064}.AppStore|Any CPU.ActiveCfg = Release|iPhone
		{67A8E6F3-9CAD-4504-9EA9-812A4862A064}.AppStore|iPhone.ActiveCfg = Release|iPhone
		{67A8E6F3-9CAD-4504-9EA9-812A4862A064}.AppStore|iPhoneSimulator.ActiveCfg = Release|iPhoneSimulator
		{67A8E6F3-9CAD-4504-9EA9-812A4862A064}.Debug|Any CPU.ActiveCfg = Debug|iPhoneSimulator
		{67A8E6F3-9CAD-4504-9EA9-812A4862A064}.Debug|iPhone.ActiveCfg = Debug|iPhone
		{67A8E6F3-9CAD-4504-9EA9-812A4862A064}.Debug|iPhone.Build.0 = Debug|iPhone
		{67A8E6F3-9CAD-4504-9EA9-812A4862A064}.Debug|iPhoneSimulator.ActiveCfg = Debug|iPhoneSimulator
		{67A8E6F3-9CAD-4504-9EA9-812A4862A064}.Debug|iPhoneSimulator.Build.0 = Debug|iPhoneSimulator
		{67A8E6F3-9CAD-4504-9EA9-812A4862A064}.Release|Any CPU.ActiveCfg = Release|iPhoneSimulator
		{67A8E6F3-9CAD-4504-9EA9-812A4862A064}.Release|iPhone.ActiveCfg = Release|iPhone
		{67A8E6F3-9CAD-4504-9EA9-812A4862A064}.Release|iPhone.Build.0 = Release|iPhone
		{67A8E6F3-9CAD-4504-9EA9-812A4862A064}.Release|iPhoneSimulator.ActiveCfg = Release|iPhoneSimulator
		{67A8E6F3-9CAD-4504-9EA9-812A4862A064}.Release|iPhoneSimulator.Build.0 = Release|iPhoneSimulator
		{E387504A-FA75-4507-A5A1-C67CFFE63D56}.Ad-Hoc|Any CPU.ActiveCfg = Release|Any CPU
		{E387504A-FA75-4507-A5A1-C67CFFE63D56}.Ad-Hoc|Any CPU.Build.0 = Release|Any CPU
		{E387504A-FA75-4507-A5A1-C67CFFE63D56}.Ad-Hoc|iPhone.ActiveCfg = Release|Any CPU
		{E387504A-FA75-4507-A5A1-C67CFFE63D56}.Ad-Hoc|iPhone.Build.0 = Release|Any CPU
		{E387504A-FA75-4507-A5A1-C67CFFE63D56}.Ad-Hoc|iPhoneSimulator.ActiveCfg = Release|Any CPU
		{E387504A-FA75-4507-A5A1-C67CFFE63D56}.Ad-Hoc|iPhoneSimulator.Build.0 = Release|Any CPU
		{E387504A-FA75-4507-A5A1-C67CFFE63D56}.AppStore|Any CPU.ActiveCfg = Release|Any CPU
		{E387504A-FA75-4507-A5A1-C67CFFE63D56}.AppStore|Any CPU.Build.0 = Release|Any CPU
		{E387504A-FA75-4507-A5A1-C67CFFE63D56}.AppStore|iPhone.ActiveCfg = Release|Any CPU
		{E387504A-FA75-4507-A5A1-C67CFFE63D56}.AppStore|iPhone.Build.0 = Release|Any CPU
		{E387504A-FA75-4507-A5A1-C67CFFE63D56}.AppStore|iPhoneSimulator.ActiveCfg = Release|Any CPU
		{E387504A-FA75-4507-A5A1-C67CFFE63D56}.AppStore|iPhoneSimulator.Build.0 = Release|Any CPU
		{E387504A-FA75-4507-A5A1-C67CFFE63D56}.Debug|Any CPU.ActiveCfg = Debug|Any CPU
		{E387504A-FA75-4507-A5A1-C67CFFE63D56}.Debug|Any CPU.Build.0 = Debug|Any CPU
		{E387504A-FA75-4507-A5A1-C67CFFE63D56}.Debug|iPhone.ActiveCfg = Debug|Any CPU
		{E387504A-FA75-4507-A5A1-C67CFFE63D56}.Debug|iPhone.Build.0 = Debug|Any CPU
		{E387504A-FA75-4507-A5A1-C67CFFE63D56}.Debug|iPhoneSimulator.ActiveCfg = Debug|Any CPU
		{E387504A-FA75-4507-A5A1-C67CFFE63D56}.Debug|iPhoneSimulator.Build.0 = Debug|Any CPU
		{E387504A-FA75-4507-A5A1-C67CFFE63D56}.Release|Any CPU.ActiveCfg = Release|Any CPU
		{E387504A-FA75-4507-A5A1-C67CFFE63D56}.Release|Any CPU.Build.0 = Release|Any CPU
		{E387504A-FA75-4507-A5A1-C67CFFE63D56}.Release|iPhone.ActiveCfg = Release|Any CPU
		{E387504A-FA75-4507-A5A1-C67CFFE63D56}.Release|iPhone.Build.0 = Release|Any CPU
		{E387504A-FA75-4507-A5A1-C67CFFE63D56}.Release|iPhoneSimulator.ActiveCfg = Release|Any CPU
		{E387504A-FA75-4507-A5A1-C67CFFE63D56}.Release|iPhoneSimulator.Build.0 = Release|Any CPU
		{7B42D271-4A71-493A-B8C3-874BF8100553}.Ad-Hoc|Any CPU.ActiveCfg = Release|Any CPU
		{7B42D271-4A71-493A-B8C3-874BF8100553}.Ad-Hoc|Any CPU.Build.0 = Release|Any CPU
		{7B42D271-4A71-493A-B8C3-874BF8100553}.Ad-Hoc|iPhone.ActiveCfg = Release|Any CPU
		{7B42D271-4A71-493A-B8C3-874BF8100553}.Ad-Hoc|iPhone.Build.0 = Release|Any CPU
		{7B42D271-4A71-493A-B8C3-874BF8100553}.Ad-Hoc|iPhoneSimulator.ActiveCfg = Release|Any CPU
		{7B42D271-4A71-493A-B8C3-874BF8100553}.Ad-Hoc|iPhoneSimulator.Build.0 = Release|Any CPU
		{7B42D271-4A71-493A-B8C3-874BF8100553}.AppStore|Any CPU.ActiveCfg = Release|Any CPU
		{7B42D271-4A71-493A-B8C3-874BF8100553}.AppStore|Any CPU.Build.0 = Release|Any CPU
		{7B42D271-4A71-493A-B8C3-874BF8100553}.AppStore|iPhone.ActiveCfg = Release|Any CPU
		{7B42D271-4A71-493A-B8C3-874BF8100553}.AppStore|iPhone.Build.0 = Release|Any CPU
		{7B42D271-4A71-493A-B8C3-874BF8100553}.AppStore|iPhoneSimulator.ActiveCfg = Release|Any CPU
		{7B42D271-4A71-493A-B8C3-874BF8100553}.AppStore|iPhoneSimulator.Build.0 = Release|Any CPU
		{7B42D271-4A71-493A-B8C3-874BF8100553}.Debug|Any CPU.ActiveCfg = Debug|Any CPU
		{7B42D271-4A71-493A-B8C3-874BF8100553}.Debug|Any CPU.Build.0 = Debug|Any CPU
		{7B42D271-4A71-493A-B8C3-874BF8100553}.Debug|iPhone.ActiveCfg = Debug|Any CPU
		{7B42D271-4A71-493A-B8C3-874BF8100553}.Debug|iPhone.Build.0 = Debug|Any CPU
		{7B42D271-4A71-493A-B8C3-874BF8100553}.Debug|iPhoneSimulator.ActiveCfg = Debug|Any CPU
		{7B42D271-4A71-493A-B8C3-874BF8100553}.Debug|iPhoneSimulator.Build.0 = Debug|Any CPU
		{7B42D271-4A71-493A-B8C3-874BF8100553}.Release|Any CPU.ActiveCfg = Release|Any CPU
		{7B42D271-4A71-493A-B8C3-874BF8100553}.Release|Any CPU.Build.0 = Release|Any CPU
		{7B42D271-4A71-493A-B8C3-874BF8100553}.Release|iPhone.ActiveCfg = Release|Any CPU
		{7B42D271-4A71-493A-B8C3-874BF8100553}.Release|iPhone.Build.0 = Release|Any CPU
		{7B42D271-4A71-493A-B8C3-874BF8100553}.Release|iPhoneSimulator.ActiveCfg = Release|Any CPU
		{7B42D271-4A71-493A-B8C3-874BF8100553}.Release|iPhoneSimulator.Build.0 = Release|Any CPU
		{F5CCD729-27DF-4D3B-85A5-F001967A85F6}.Ad-Hoc|Any CPU.ActiveCfg = Debug|Any CPU
		{F5CCD729-27DF-4D3B-85A5-F001967A85F6}.Ad-Hoc|Any CPU.Build.0 = Debug|Any CPU
		{F5CCD729-27DF-4D3B-85A5-F001967A85F6}.Ad-Hoc|Any CPU.Deploy.0 = Debug|Any CPU
		{F5CCD729-27DF-4D3B-85A5-F001967A85F6}.Ad-Hoc|iPhone.ActiveCfg = Debug|Any CPU
		{F5CCD729-27DF-4D3B-85A5-F001967A85F6}.Ad-Hoc|iPhone.Build.0 = Debug|Any CPU
		{F5CCD729-27DF-4D3B-85A5-F001967A85F6}.Ad-Hoc|iPhone.Deploy.0 = Debug|Any CPU
		{F5CCD729-27DF-4D3B-85A5-F001967A85F6}.Ad-Hoc|iPhoneSimulator.ActiveCfg = Debug|Any CPU
		{F5CCD729-27DF-4D3B-85A5-F001967A85F6}.Ad-Hoc|iPhoneSimulator.Build.0 = Debug|Any CPU
		{F5CCD729-27DF-4D3B-85A5-F001967A85F6}.Ad-Hoc|iPhoneSimulator.Deploy.0 = Debug|Any CPU
		{F5CCD729-27DF-4D3B-85A5-F001967A85F6}.AppStore|Any CPU.ActiveCfg = Debug|Any CPU
		{F5CCD729-27DF-4D3B-85A5-F001967A85F6}.AppStore|Any CPU.Build.0 = Debug|Any CPU
		{F5CCD729-27DF-4D3B-85A5-F001967A85F6}.AppStore|Any CPU.Deploy.0 = Debug|Any CPU
		{F5CCD729-27DF-4D3B-85A5-F001967A85F6}.AppStore|iPhone.ActiveCfg = Debug|Any CPU
		{F5CCD729-27DF-4D3B-85A5-F001967A85F6}.AppStore|iPhone.Build.0 = Debug|Any CPU
		{F5CCD729-27DF-4D3B-85A5-F001967A85F6}.AppStore|iPhone.Deploy.0 = Debug|Any CPU
		{F5CCD729-27DF-4D3B-85A5-F001967A85F6}.AppStore|iPhoneSimulator.ActiveCfg = Debug|Any CPU
		{F5CCD729-27DF-4D3B-85A5-F001967A85F6}.AppStore|iPhoneSimulator.Build.0 = Debug|Any CPU
		{F5CCD729-27DF-4D3B-85A5-F001967A85F6}.AppStore|iPhoneSimulator.Deploy.0 = Debug|Any CPU
		{F5CCD729-27DF-4D3B-85A5-F001967A85F6}.Debug|Any CPU.ActiveCfg = Debug|Any CPU
		{F5CCD729-27DF-4D3B-85A5-F001967A85F6}.Debug|Any CPU.Build.0 = Debug|Any CPU
		{F5CCD729-27DF-4D3B-85A5-F001967A85F6}.Debug|Any CPU.Deploy.0 = Debug|Any CPU
		{F5CCD729-27DF-4D3B-85A5-F001967A85F6}.Debug|iPhone.ActiveCfg = Debug|Any CPU
		{F5CCD729-27DF-4D3B-85A5-F001967A85F6}.Debug|iPhone.Build.0 = Debug|Any CPU
		{F5CCD729-27DF-4D3B-85A5-F001967A85F6}.Debug|iPhone.Deploy.0 = Debug|Any CPU
		{F5CCD729-27DF-4D3B-85A5-F001967A85F6}.Debug|iPhoneSimulator.ActiveCfg = Debug|Any CPU
		{F5CCD729-27DF-4D3B-85A5-F001967A85F6}.Debug|iPhoneSimulator.Build.0 = Debug|Any CPU
		{F5CCD729-27DF-4D3B-85A5-F001967A85F6}.Debug|iPhoneSimulator.Deploy.0 = Debug|Any CPU
		{F5CCD729-27DF-4D3B-85A5-F001967A85F6}.Release|Any CPU.ActiveCfg = Release|Any CPU
		{F5CCD729-27DF-4D3B-85A5-F001967A85F6}.Release|Any CPU.Build.0 = Release|Any CPU
		{F5CCD729-27DF-4D3B-85A5-F001967A85F6}.Release|Any CPU.Deploy.0 = Release|Any CPU
		{F5CCD729-27DF-4D3B-85A5-F001967A85F6}.Release|iPhone.ActiveCfg = Release|Any CPU
		{F5CCD729-27DF-4D3B-85A5-F001967A85F6}.Release|iPhone.Build.0 = Release|Any CPU
		{F5CCD729-27DF-4D3B-85A5-F001967A85F6}.Release|iPhone.Deploy.0 = Release|Any CPU
		{F5CCD729-27DF-4D3B-85A5-F001967A85F6}.Release|iPhoneSimulator.ActiveCfg = Release|Any CPU
		{F5CCD729-27DF-4D3B-85A5-F001967A85F6}.Release|iPhoneSimulator.Build.0 = Release|Any CPU
		{F5CCD729-27DF-4D3B-85A5-F001967A85F6}.Release|iPhoneSimulator.Deploy.0 = Release|Any CPU
		{B76B3270-B38A-44FD-9D6C-BE5B636AA90B}.Ad-Hoc|Any CPU.ActiveCfg = Ad-Hoc|iPhoneSimulator
		{B76B3270-B38A-44FD-9D6C-BE5B636AA90B}.Ad-Hoc|iPhone.ActiveCfg = Ad-Hoc|iPhone
		{B76B3270-B38A-44FD-9D6C-BE5B636AA90B}.Ad-Hoc|iPhone.Build.0 = Ad-Hoc|iPhone
		{B76B3270-B38A-44FD-9D6C-BE5B636AA90B}.Ad-Hoc|iPhoneSimulator.ActiveCfg = Ad-Hoc|iPhoneSimulator
		{B76B3270-B38A-44FD-9D6C-BE5B636AA90B}.Ad-Hoc|iPhoneSimulator.Build.0 = Ad-Hoc|iPhoneSimulator
		{B76B3270-B38A-44FD-9D6C-BE5B636AA90B}.AppStore|Any CPU.ActiveCfg = AppStore|iPhoneSimulator
		{B76B3270-B38A-44FD-9D6C-BE5B636AA90B}.AppStore|iPhone.ActiveCfg = AppStore|iPhone
		{B76B3270-B38A-44FD-9D6C-BE5B636AA90B}.AppStore|iPhone.Build.0 = AppStore|iPhone
		{B76B3270-B38A-44FD-9D6C-BE5B636AA90B}.AppStore|iPhoneSimulator.ActiveCfg = AppStore|iPhoneSimulator
		{B76B3270-B38A-44FD-9D6C-BE5B636AA90B}.AppStore|iPhoneSimulator.Build.0 = AppStore|iPhoneSimulator
		{B76B3270-B38A-44FD-9D6C-BE5B636AA90B}.Debug|Any CPU.ActiveCfg = Debug|iPhoneSimulator
		{B76B3270-B38A-44FD-9D6C-BE5B636AA90B}.Debug|iPhone.ActiveCfg = Debug|iPhone
		{B76B3270-B38A-44FD-9D6C-BE5B636AA90B}.Debug|iPhone.Build.0 = Debug|iPhone
		{B76B3270-B38A-44FD-9D6C-BE5B636AA90B}.Debug|iPhoneSimulator.ActiveCfg = Debug|iPhoneSimulator
		{B76B3270-B38A-44FD-9D6C-BE5B636AA90B}.Debug|iPhoneSimulator.Build.0 = Debug|iPhoneSimulator
		{B76B3270-B38A-44FD-9D6C-BE5B636AA90B}.Release|Any CPU.ActiveCfg = Release|iPhoneSimulator
		{B76B3270-B38A-44FD-9D6C-BE5B636AA90B}.Release|iPhone.ActiveCfg = Release|iPhone
		{B76B3270-B38A-44FD-9D6C-BE5B636AA90B}.Release|iPhone.Build.0 = Release|iPhone
		{B76B3270-B38A-44FD-9D6C-BE5B636AA90B}.Release|iPhoneSimulator.ActiveCfg = Release|iPhoneSimulator
		{B76B3270-B38A-44FD-9D6C-BE5B636AA90B}.Release|iPhoneSimulator.Build.0 = Release|iPhoneSimulator
		{2EBFB056-221D-4BF1-A8AB-A34D9CFA2E60}.Ad-Hoc|Any CPU.ActiveCfg = Debug|Any CPU
		{2EBFB056-221D-4BF1-A8AB-A34D9CFA2E60}.Ad-Hoc|Any CPU.Build.0 = Debug|Any CPU
		{2EBFB056-221D-4BF1-A8AB-A34D9CFA2E60}.Ad-Hoc|iPhone.ActiveCfg = Debug|Any CPU
		{2EBFB056-221D-4BF1-A8AB-A34D9CFA2E60}.Ad-Hoc|iPhone.Build.0 = Debug|Any CPU
		{2EBFB056-221D-4BF1-A8AB-A34D9CFA2E60}.Ad-Hoc|iPhoneSimulator.ActiveCfg = Debug|Any CPU
		{2EBFB056-221D-4BF1-A8AB-A34D9CFA2E60}.Ad-Hoc|iPhoneSimulator.Build.0 = Debug|Any CPU
		{2EBFB056-221D-4BF1-A8AB-A34D9CFA2E60}.AppStore|Any CPU.ActiveCfg = Debug|Any CPU
		{2EBFB056-221D-4BF1-A8AB-A34D9CFA2E60}.AppStore|Any CPU.Build.0 = Debug|Any CPU
		{2EBFB056-221D-4BF1-A8AB-A34D9CFA2E60}.AppStore|iPhone.ActiveCfg = Debug|Any CPU
		{2EBFB056-221D-4BF1-A8AB-A34D9CFA2E60}.AppStore|iPhone.Build.0 = Debug|Any CPU
		{2EBFB056-221D-4BF1-A8AB-A34D9CFA2E60}.AppStore|iPhoneSimulator.ActiveCfg = Debug|Any CPU
		{2EBFB056-221D-4BF1-A8AB-A34D9CFA2E60}.AppStore|iPhoneSimulator.Build.0 = Debug|Any CPU
		{2EBFB056-221D-4BF1-A8AB-A34D9CFA2E60}.Debug|Any CPU.ActiveCfg = Debug|Any CPU
		{2EBFB056-221D-4BF1-A8AB-A34D9CFA2E60}.Debug|Any CPU.Build.0 = Debug|Any CPU
		{2EBFB056-221D-4BF1-A8AB-A34D9CFA2E60}.Debug|iPhone.ActiveCfg = Debug|Any CPU
		{2EBFB056-221D-4BF1-A8AB-A34D9CFA2E60}.Debug|iPhone.Build.0 = Debug|Any CPU
		{2EBFB056-221D-4BF1-A8AB-A34D9CFA2E60}.Debug|iPhoneSimulator.ActiveCfg = Debug|Any CPU
		{2EBFB056-221D-4BF1-A8AB-A34D9CFA2E60}.Debug|iPhoneSimulator.Build.0 = Debug|Any CPU
		{2EBFB056-221D-4BF1-A8AB-A34D9CFA2E60}.Release|Any CPU.ActiveCfg = Release|Any CPU
		{2EBFB056-221D-4BF1-A8AB-A34D9CFA2E60}.Release|Any CPU.Build.0 = Release|Any CPU
		{2EBFB056-221D-4BF1-A8AB-A34D9CFA2E60}.Release|iPhone.ActiveCfg = Release|Any CPU
		{2EBFB056-221D-4BF1-A8AB-A34D9CFA2E60}.Release|iPhone.Build.0 = Release|Any CPU
		{2EBFB056-221D-4BF1-A8AB-A34D9CFA2E60}.Release|iPhoneSimulator.ActiveCfg = Release|Any CPU
		{2EBFB056-221D-4BF1-A8AB-A34D9CFA2E60}.Release|iPhoneSimulator.Build.0 = Release|Any CPU
	EndGlobalSection
	GlobalSection(SolutionProperties) = preSolution
		HideSolutionNode = FALSE
	EndGlobalSection
	GlobalSection(NestedProjects) = preSolution
		{F82DA50D-950E-45B6-909C-E3AAC264A377} = {9882E894-2474-4A54-B5F6-28ADFC829AF0}
		{48E7ECE8-C447-428A-825C-9A04E4B3A881} = {9882E894-2474-4A54-B5F6-28ADFC829AF0}
		{A070AC67-5741-4112-B209-F01A8E67CDF9} = {9882E894-2474-4A54-B5F6-28ADFC829AF0}
		{F4A62930-C2FE-4975-9FB2-EE487F1A2EA9} = {A070AC67-5741-4112-B209-F01A8E67CDF9}
		{D1920329-D2C5-421D-B791-EDD9A7E3D3BB} = {A070AC67-5741-4112-B209-F01A8E67CDF9}
		{7CFFE1D6-E020-4E9E-A89F-2E591AAE75DD} = {A070AC67-5741-4112-B209-F01A8E67CDF9}
		{F5B5F082-590F-48DF-BF4F-1556B0CECF44} = {7CFFE1D6-E020-4E9E-A89F-2E591AAE75DD}
		{36D83CB0-FA73-4210-9A9A-AEB7778889DE} = {F82DA50D-950E-45B6-909C-E3AAC264A377}
		{7D348C54-8A30-426F-8CCB-0322D325BAEB} = {F82DA50D-950E-45B6-909C-E3AAC264A377}
		{CFAED3ED-B2D8-49B5-B857-3FD2D8A6F677} = {F82DA50D-950E-45B6-909C-E3AAC264A377}
		{52B174CC-241A-43C0-948E-F8A4133DA5D5} = {48E7ECE8-C447-428A-825C-9A04E4B3A881}
		{A73B40AB-30E2-4CB6-942E-27E57606E46E} = {48E7ECE8-C447-428A-825C-9A04E4B3A881}
		{203DB404-679B-4347-9A8A-62311A72DBCE} = {D1920329-D2C5-421D-B791-EDD9A7E3D3BB}
		{67A8E6F3-9CAD-4504-9EA9-812A4862A064} = {D1920329-D2C5-421D-B791-EDD9A7E3D3BB}
		{E387504A-FA75-4507-A5A1-C67CFFE63D56} = {D1920329-D2C5-421D-B791-EDD9A7E3D3BB}
		{7B42D271-4A71-493A-B8C3-874BF8100553} = {F4A62930-C2FE-4975-9FB2-EE487F1A2EA9}
		{C592C7D9-638B-4FEB-94C9-B0484ADAEE8B} = {A070AC67-5741-4112-B209-F01A8E67CDF9}
		{F5CCD729-27DF-4D3B-85A5-F001967A85F6} = {C592C7D9-638B-4FEB-94C9-B0484ADAEE8B}
		{B76B3270-B38A-44FD-9D6C-BE5B636AA90B} = {C592C7D9-638B-4FEB-94C9-B0484ADAEE8B}
		{2EBFB056-221D-4BF1-A8AB-A34D9CFA2E60} = {C592C7D9-638B-4FEB-94C9-B0484ADAEE8B}
	EndGlobalSection
	GlobalSection(ExtensibilityGlobals) = postSolution
		SolutionGuid = {A2008906-15F0-4037-8C89-2D28A7B2BC81}
	EndGlobalSection
EndGlobal
