
Microsoft Visual Studio Solution File, Format Version 12.00
# Visual Studio Version 16
VisualStudioVersion = 16.0.31025.194
MinimumVisualStudioVersion = 10.0.40219.1
Project("{FAE04EC0-301F-11D3-BF4B-00C04F79EFBC}") = "Lynx.MobileApp.Android", "Lynx.MobileApp\Lynx.MobileApp.Android\Lynx.MobileApp.Android.csproj", "{72D71D13-AB85-4030-9649-A402923ED42E}"
EndProject
Project("{FAE04EC0-301F-11D3-BF4B-00C04F79EFBC}") = "Lynx.MobileApp.iOS", "Lynx.MobileApp\Lynx.MobileApp.iOS\Lynx.MobileApp.iOS.csproj", "{FADCF3BA-3143-4940-8A53-5CBAF93556C1}"
EndProject
Project("{FAE04EC0-301F-11D3-BF4B-00C04F79EFBC}") = "Lynx.MobileApp", "Lynx.MobileApp\Lynx.MobileApp\Lynx.MobileApp.csproj", "{429674FE-4E06-47C8-8619-D717EBE8864A}"
EndProject
Global
	GlobalSection(SolutionConfigurationPlatforms) = preSolution
		Debug|Any CPU = Debug|Any CPU
		Debug|iPhone = Debug|iPhone
		Debug|iPhoneSimulator = Debug|iPhoneSimulator
		Release|Any CPU = Release|Any CPU
		Release|iPhone = Release|iPhone
		Release|iPhoneSimulator = Release|iPhoneSimulator
	EndGlobalSection
	GlobalSection(ProjectConfigurationPlatforms) = postSolution
		{72D71D13-AB85-4030-9649-A402923ED42E}.Debug|Any CPU.ActiveCfg = Debug|Any CPU
		{72D71D13-AB85-4030-9649-A402923ED42E}.Debug|Any CPU.Build.0 = Debug|Any CPU
		{72D71D13-AB85-4030-9649-A402923ED42E}.Debug|Any CPU.Deploy.0 = Debug|Any CPU
		{72D71D13-AB85-4030-9649-A402923ED42E}.Debug|iPhone.ActiveCfg = Debug|Any CPU
		{72D71D13-AB85-4030-9649-A402923ED42E}.Debug|iPhone.Build.0 = Debug|Any CPU
		{72D71D13-AB85-4030-9649-A402923ED42E}.Debug|iPhone.Deploy.0 = Debug|Any CPU
		{72D71D13-AB85-4030-9649-A402923ED42E}.Debug|iPhoneSimulator.ActiveCfg = Debug|Any CPU
		{72D71D13-AB85-4030-9649-A402923ED42E}.Debug|iPhoneSimulator.Build.0 = Debug|Any CPU
		{72D71D13-AB85-4030-9649-A402923ED42E}.Debug|iPhoneSimulator.Deploy.0 = Debug|Any CPU
		{72D71D13-AB85-4030-9649-A402923ED42E}.Release|Any CPU.ActiveCfg = Release|Any CPU
		{72D71D13-AB85-4030-9649-A402923ED42E}.Release|Any CPU.Build.0 = Release|Any CPU
		{72D71D13-AB85-4030-9649-A402923ED42E}.Release|Any CPU.Deploy.0 = Release|Any CPU
		{72D71D13-AB85-4030-9649-A402923ED42E}.Release|iPhone.ActiveCfg = Release|Any CPU
		{72D71D13-AB85-4030-9649-A402923ED42E}.Release|iPhone.Build.0 = Release|Any CPU
		{72D71D13-AB85-4030-9649-A402923ED42E}.Release|iPhone.Deploy.0 = Release|Any CPU
		{72D71D13-AB85-4030-9649-A402923ED42E}.Release|iPhoneSimulator.ActiveCfg = Release|Any CPU
		{72D71D13-AB85-4030-9649-A402923ED42E}.Release|iPhoneSimulator.Build.0 = Release|Any CPU
		{72D71D13-AB85-4030-9649-A402923ED42E}.Release|iPhoneSimulator.Deploy.0 = Release|Any CPU
		{FADCF3BA-3143-4940-8A53-5CBAF93556C1}.Debug|Any CPU.ActiveCfg = Debug|iPhone
		{FADCF3BA-3143-4940-8A53-5CBAF93556C1}.Debug|Any CPU.Build.0 = Debug|iPhone
		{FADCF3BA-3143-4940-8A53-5CBAF93556C1}.Debug|Any CPU.Deploy.0 = Debug|iPhone
		{FADCF3BA-3143-4940-8A53-5CBAF93556C1}.Debug|iPhone.ActiveCfg = Debug|iPhone
		{FADCF3BA-3143-4940-8A53-5CBAF93556C1}.Debug|iPhone.Build.0 = Debug|iPhone
		{FADCF3BA-3143-4940-8A53-5CBAF93556C1}.Debug|iPhone.Deploy.0 = Debug|iPhone
		{FADCF3BA-3143-4940-8A53-5CBAF93556C1}.Debug|iPhoneSimulator.ActiveCfg = Debug|iPhoneSimulator
		{FADCF3BA-3143-4940-8A53-5CBAF93556C1}.Debug|iPhoneSimulator.Build.0 = Debug|iPhoneSimulator
		{FADCF3BA-3143-4940-8A53-5CBAF93556C1}.Debug|iPhoneSimulator.Deploy.0 = Debug|iPhoneSimulator
		{FADCF3BA-3143-4940-8A53-5CBAF93556C1}.Release|Any CPU.ActiveCfg = Release|iPhoneSimulator
		{FADCF3BA-3143-4940-8A53-5CBAF93556C1}.Release|Any CPU.Build.0 = Release|iPhoneSimulator
		{FADCF3BA-3143-4940-8A53-5CBAF93556C1}.Release|Any CPU.Deploy.0 = Release|iPhoneSimulator
		{FADCF3BA-3143-4940-8A53-5CBAF93556C1}.Release|iPhone.ActiveCfg = Release|iPhone
		{FADCF3BA-3143-4940-8A53-5CBAF93556C1}.Release|iPhone.Build.0 = Release|iPhone
		{FADCF3BA-3143-4940-8A53-5CBAF93556C1}.Release|iPhone.Deploy.0 = Release|iPhone
		{FADCF3BA-3143-4940-8A53-5CBAF93556C1}.Release|iPhoneSimulator.ActiveCfg = Release|iPhoneSimulator
		{FADCF3BA-3143-4940-8A53-5CBAF93556C1}.Release|iPhoneSimulator.Build.0 = Release|iPhoneSimulator
		{FADCF3BA-3143-4940-8A53-5CBAF93556C1}.Release|iPhoneSimulator.Deploy.0 = Release|iPhoneSimulator
		{429674FE-4E06-47C8-8619-D717EBE8864A}.Debug|Any CPU.ActiveCfg = Debug|Any CPU
		{429674FE-4E06-47C8-8619-D717EBE8864A}.Debug|Any CPU.Build.0 = Debug|Any CPU
		{429674FE-4E06-47C8-8619-D717EBE8864A}.Debug|Any CPU.Deploy.0 = Debug|Any CPU
		{429674FE-4E06-47C8-8619-D717EBE8864A}.Debug|iPhone.ActiveCfg = Debug|Any CPU
		{429674FE-4E06-47C8-8619-D717EBE8864A}.Debug|iPhone.Build.0 = Debug|Any CPU
		{429674FE-4E06-47C8-8619-D717EBE8864A}.Debug|iPhone.Deploy.0 = Debug|Any CPU
		{429674FE-4E06-47C8-8619-D717EBE8864A}.Debug|iPhoneSimulator.ActiveCfg = Debug|Any CPU
		{429674FE-4E06-47C8-8619-D717EBE8864A}.Debug|iPhoneSimulator.Build.0 = Debug|Any CPU
		{429674FE-4E06-47C8-8619-D717EBE8864A}.Debug|iPhoneSimulator.Deploy.0 = Debug|Any CPU
		{429674FE-4E06-47C8-8619-D717EBE8864A}.Release|Any CPU.ActiveCfg = Release|Any CPU
		{429674FE-4E06-47C8-8619-D717EBE8864A}.Release|Any CPU.Build.0 = Release|Any CPU
		{429674FE-4E06-47C8-8619-D717EBE8864A}.Release|Any CPU.Deploy.0 = Release|Any CPU
		{429674FE-4E06-47C8-8619-D717EBE8864A}.Release|iPhone.ActiveCfg = Release|Any CPU
		{429674FE-4E06-47C8-8619-D717EBE8864A}.Release|iPhone.Build.0 = Release|Any CPU
		{429674FE-4E06-47C8-8619-D717EBE8864A}.Release|iPhone.Deploy.0 = Release|Any CPU
		{429674FE-4E06-47C8-8619-D717EBE8864A}.Release|iPhoneSimulator.ActiveCfg = Release|Any CPU
		{429674FE-4E06-47C8-8619-D717EBE8864A}.Release|iPhoneSimulator.Build.0 = Release|Any CPU
		{429674FE-4E06-47C8-8619-D717EBE8864A}.Release|iPhoneSimulator.Deploy.0 = Release|Any CPU
	EndGlobalSection
	GlobalSection(SolutionProperties) = preSolution
		HideSolutionNode = FALSE
	EndGlobalSection
	GlobalSection(ExtensibilityGlobals) = postSolution
		SolutionGuid = {C3C84E28-DDC2-4423-A175-6D1EE7136D24}
	EndGlobalSection
EndGlobal
