
Microsoft Visual Studio Solution File, Format Version 12.00
# Visual Studio Version 16
VisualStudioVersion = 16.0.31025.194
MinimumVisualStudioVersion = 10.0.40219.1
Project("{FAE04EC0-301F-11D3-BF4B-00C04F79EFBC}") = "Lynx.MobileApp.Android", "MobileApp\Lynx.MobileApp\Android\Lynx.MobileApp.Android.csproj", "{F5CCD729-27DF-4D3B-85A5-F001967A85F6}"
EndProject
Project("{FAE04EC0-301F-11D3-BF4B-00C04F79EFBC}") = "Lynx.MobileApp.iOS", "MobileApp\Lynx.MobileApp\iOS\Lynx.MobileApp.iOS.csproj", "{B76B3270-B38A-44FD-9D6C-BE5B636AA90B}"
EndProject
Project("{9A19103F-16F7-4668-BE54-9A1E7A4F7556}") = "Lynx.MobileApp.Portable", "MobileApp\Lynx.MobileApp\Portable\Lynx.MobileApp.Portable.csproj", "{9E8E544A-DA99-4544-8CEB-648C32B0F5C5}"
EndProject
Global
	GlobalSection(SolutionConfigurationPlatforms) = preSolution
		Ad-Hoc|Any CPU = Ad-Hoc|Any CPU
		Ad-Hoc|iPhone = Ad-Hoc|iPhone
		Ad-Hoc|iPhoneSimulator = Ad-Hoc|iPhoneSimulator
		AppStore|Any CPU = AppStore|Any CPU
		AppStore|iPhone = AppStore|iPhone
		AppStore|iPhoneSimulator = AppStore|iPhoneSimulator
		Debug|Any CPU = Debug|Any CPU
		Debug|iPhone = Debug|iPhone
		Debug|iPhoneSimulator = Debug|iPhoneSimulator
		Release|Any CPU = Release|Any CPU
		Release|iPhone = Release|iPhone
		Release|iPhoneSimulator = Release|iPhoneSimulator
	EndGlobalSection
	GlobalSection(ProjectConfigurationPlatforms) = postSolution
		{F5CCD729-27DF-4D3B-85A5-F001967A85F6}.Ad-Hoc|Any CPU.ActiveCfg = Debug|Any CPU
		{F5CCD729-27DF-4D3B-85A5-F001967A85F6}.Ad-Hoc|Any CPU.Build.0 = Debug|Any CPU
		{F5CCD729-27DF-4D3B-85A5-F001967A85F6}.Ad-Hoc|Any CPU.Deploy.0 = Debug|Any CPU
		{F5CCD729-27DF-4D3B-85A5-F001967A85F6}.Ad-Hoc|iPhone.ActiveCfg = Debug|Any CPU
		{F5CCD729-27DF-4D3B-85A5-F001967A85F6}.Ad-Hoc|iPhone.Build.0 = Debug|Any CPU
		{F5CCD729-27DF-4D3B-85A5-F001967A85F6}.Ad-Hoc|iPhone.Deploy.0 = Debug|Any CPU
		{F5CCD729-27DF-4D3B-85A5-F001967A85F6}.Ad-Hoc|iPhoneSimulator.ActiveCfg = Debug|Any CPU
		{F5CCD729-27DF-4D3B-85A5-F001967A85F6}.Ad-Hoc|iPhoneSimulator.Build.0 = Debug|Any CPU
		{F5CCD729-27DF-4D3B-85A5-F001967A85F6}.Ad-Hoc|iPhoneSimulator.Deploy.0 = Debug|Any CPU
		{F5CCD729-27DF-4D3B-85A5-F001967A85F6}.AppStore|Any CPU.ActiveCfg = Debug|Any CPU
		{F5CCD729-27DF-4D3B-85A5-F001967A85F6}.AppStore|Any CPU.Build.0 = Debug|Any CPU
		{F5CCD729-27DF-4D3B-85A5-F001967A85F6}.AppStore|Any CPU.Deploy.0 = Debug|Any CPU
		{F5CCD729-27DF-4D3B-85A5-F001967A85F6}.AppStore|iPhone.ActiveCfg = Debug|Any CPU
		{F5CCD729-27DF-4D3B-85A5-F001967A85F6}.AppStore|iPhone.Build.0 = Debug|Any CPU
		{F5CCD729-27DF-4D3B-85A5-F001967A85F6}.AppStore|iPhone.Deploy.0 = Debug|Any CPU
		{F5CCD729-27DF-4D3B-85A5-F001967A85F6}.AppStore|iPhoneSimulator.ActiveCfg = Debug|Any CPU
		{F5CCD729-27DF-4D3B-85A5-F001967A85F6}.AppStore|iPhoneSimulator.Build.0 = Debug|Any CPU
		{F5CCD729-27DF-4D3B-85A5-F001967A85F6}.AppStore|iPhoneSimulator.Deploy.0 = Debug|Any CPU
		{F5CCD729-27DF-4D3B-85A5-F001967A85F6}.Debug|Any CPU.ActiveCfg = Debug|Any CPU
		{F5CCD729-27DF-4D3B-85A5-F001967A85F6}.Debug|Any CPU.Build.0 = Debug|Any CPU
		{F5CCD729-27DF-4D3B-85A5-F001967A85F6}.Debug|Any CPU.Deploy.0 = Debug|Any CPU
		{F5CCD729-27DF-4D3B-85A5-F001967A85F6}.Debug|iPhone.ActiveCfg = Debug|Any CPU
		{F5CCD729-27DF-4D3B-85A5-F001967A85F6}.Debug|iPhone.Build.0 = Debug|Any CPU
		{F5CCD729-27DF-4D3B-85A5-F001967A85F6}.Debug|iPhone.Deploy.0 = Debug|Any CPU
		{F5CCD729-27DF-4D3B-85A5-F001967A85F6}.Debug|iPhoneSimulator.ActiveCfg = Debug|Any CPU
		{F5CCD729-27DF-4D3B-85A5-F001967A85F6}.Debug|iPhoneSimulator.Build.0 = Debug|Any CPU
		{F5CCD729-27DF-4D3B-85A5-F001967A85F6}.Debug|iPhoneSimulator.Deploy.0 = Debug|Any CPU
		{F5CCD729-27DF-4D3B-85A5-F001967A85F6}.Release|Any CPU.ActiveCfg = Release|Any CPU
		{F5CCD729-27DF-4D3B-85A5-F001967A85F6}.Release|Any CPU.Build.0 = Release|Any CPU
		{F5CCD729-27DF-4D3B-85A5-F001967A85F6}.Release|Any CPU.Deploy.0 = Release|Any CPU
		{F5CCD729-27DF-4D3B-85A5-F001967A85F6}.Release|iPhone.ActiveCfg = Release|Any CPU
		{F5CCD729-27DF-4D3B-85A5-F001967A85F6}.Release|iPhone.Build.0 = Release|Any CPU
		{F5CCD729-27DF-4D3B-85A5-F001967A85F6}.Release|iPhone.Deploy.0 = Release|Any CPU
		{F5CCD729-27DF-4D3B-85A5-F001967A85F6}.Release|iPhoneSimulator.ActiveCfg = Release|Any CPU
		{F5CCD729-27DF-4D3B-85A5-F001967A85F6}.Release|iPhoneSimulator.Build.0 = Release|Any CPU
		{F5CCD729-27DF-4D3B-85A5-F001967A85F6}.Release|iPhoneSimulator.Deploy.0 = Release|Any CPU
		{B76B3270-B38A-44FD-9D6C-BE5B636AA90B}.Ad-Hoc|Any CPU.ActiveCfg = Ad-Hoc|iPhoneSimulator
		{B76B3270-B38A-44FD-9D6C-BE5B636AA90B}.Ad-Hoc|iPhone.ActiveCfg = Ad-Hoc|iPhone
		{B76B3270-B38A-44FD-9D6C-BE5B636AA90B}.Ad-Hoc|iPhone.Build.0 = Ad-Hoc|iPhone
		{B76B3270-B38A-44FD-9D6C-BE5B636AA90B}.Ad-Hoc|iPhoneSimulator.ActiveCfg = Ad-Hoc|iPhoneSimulator
		{B76B3270-B38A-44FD-9D6C-BE5B636AA90B}.Ad-Hoc|iPhoneSimulator.Build.0 = Ad-Hoc|iPhoneSimulator
		{B76B3270-B38A-44FD-9D6C-BE5B636AA90B}.AppStore|Any CPU.ActiveCfg = AppStore|iPhoneSimulator
		{B76B3270-B38A-44FD-9D6C-BE5B636AA90B}.AppStore|iPhone.ActiveCfg = AppStore|iPhone
		{B76B3270-B38A-44FD-9D6C-BE5B636AA90B}.AppStore|iPhone.Build.0 = AppStore|iPhone
		{B76B3270-B38A-44FD-9D6C-BE5B636AA90B}.AppStore|iPhoneSimulator.ActiveCfg = AppStore|iPhoneSimulator
		{B76B3270-B38A-44FD-9D6C-BE5B636AA90B}.AppStore|iPhoneSimulator.Build.0 = AppStore|iPhoneSimulator
		{B76B3270-B38A-44FD-9D6C-BE5B636AA90B}.Debug|Any CPU.ActiveCfg = Debug|iPhoneSimulator
		{B76B3270-B38A-44FD-9D6C-BE5B636AA90B}.Debug|iPhone.ActiveCfg = Debug|iPhone
		{B76B3270-B38A-44FD-9D6C-BE5B636AA90B}.Debug|iPhone.Build.0 = Debug|iPhone
		{B76B3270-B38A-44FD-9D6C-BE5B636AA90B}.Debug|iPhoneSimulator.ActiveCfg = Debug|iPhoneSimulator
		{B76B3270-B38A-44FD-9D6C-BE5B636AA90B}.Debug|iPhoneSimulator.Build.0 = Debug|iPhoneSimulator
		{B76B3270-B38A-44FD-9D6C-BE5B636AA90B}.Release|Any CPU.ActiveCfg = Release|iPhoneSimulator
		{B76B3270-B38A-44FD-9D6C-BE5B636AA90B}.Release|iPhone.ActiveCfg = Release|iPhone
		{B76B3270-B38A-44FD-9D6C-BE5B636AA90B}.Release|iPhone.Build.0 = Release|iPhone
		{B76B3270-B38A-44FD-9D6C-BE5B636AA90B}.Release|iPhoneSimulator.ActiveCfg = Release|iPhoneSimulator
		{B76B3270-B38A-44FD-9D6C-BE5B636AA90B}.Release|iPhoneSimulator.Build.0 = Release|iPhoneSimulator
		{9E8E544A-DA99-4544-8CEB-648C32B0F5C5}.Ad-Hoc|Any CPU.ActiveCfg = Debug|Any CPU
		{9E8E544A-DA99-4544-8CEB-648C32B0F5C5}.Ad-Hoc|Any CPU.Build.0 = Debug|Any CPU
		{9E8E544A-DA99-4544-8CEB-648C32B0F5C5}.Ad-Hoc|iPhone.ActiveCfg = Debug|Any CPU
		{9E8E544A-DA99-4544-8CEB-648C32B0F5C5}.Ad-Hoc|iPhone.Build.0 = Debug|Any CPU
		{9E8E544A-DA99-4544-8CEB-648C32B0F5C5}.Ad-Hoc|iPhoneSimulator.ActiveCfg = Debug|Any CPU
		{9E8E544A-DA99-4544-8CEB-648C32B0F5C5}.Ad-Hoc|iPhoneSimulator.Build.0 = Debug|Any CPU
		{9E8E544A-DA99-4544-8CEB-648C32B0F5C5}.AppStore|Any CPU.ActiveCfg = Debug|Any CPU
		{9E8E544A-DA99-4544-8CEB-648C32B0F5C5}.AppStore|Any CPU.Build.0 = Debug|Any CPU
		{9E8E544A-DA99-4544-8CEB-648C32B0F5C5}.AppStore|iPhone.ActiveCfg = Debug|Any CPU
		{9E8E544A-DA99-4544-8CEB-648C32B0F5C5}.AppStore|iPhone.Build.0 = Debug|Any CPU
		{9E8E544A-DA99-4544-8CEB-648C32B0F5C5}.AppStore|iPhoneSimulator.ActiveCfg = Debug|Any CPU
		{9E8E544A-DA99-4544-8CEB-648C32B0F5C5}.AppStore|iPhoneSimulator.Build.0 = Debug|Any CPU
		{9E8E544A-DA99-4544-8CEB-648C32B0F5C5}.Debug|Any CPU.ActiveCfg = Debug|Any CPU
		{9E8E544A-DA99-4544-8CEB-648C32B0F5C5}.Debug|Any CPU.Build.0 = Debug|Any CPU
		{9E8E544A-DA99-4544-8CEB-648C32B0F5C5}.Debug|iPhone.ActiveCfg = Debug|Any CPU
		{9E8E544A-DA99-4544-8CEB-648C32B0F5C5}.Debug|iPhone.Build.0 = Debug|Any CPU
		{9E8E544A-DA99-4544-8CEB-648C32B0F5C5}.Debug|iPhoneSimulator.ActiveCfg = Debug|Any CPU
		{9E8E544A-DA99-4544-8CEB-648C32B0F5C5}.Debug|iPhoneSimulator.Build.0 = Debug|Any CPU
		{9E8E544A-DA99-4544-8CEB-648C32B0F5C5}.Release|Any CPU.ActiveCfg = Release|Any CPU
		{9E8E544A-DA99-4544-8CEB-648C32B0F5C5}.Release|Any CPU.Build.0 = Release|Any CPU
		{9E8E544A-DA99-4544-8CEB-648C32B0F5C5}.Release|iPhone.ActiveCfg = Release|Any CPU
		{9E8E544A-DA99-4544-8CEB-648C32B0F5C5}.Release|iPhone.Build.0 = Release|Any CPU
		{9E8E544A-DA99-4544-8CEB-648C32B0F5C5}.Release|iPhoneSimulator.ActiveCfg = Release|Any CPU
		{9E8E544A-DA99-4544-8CEB-648C32B0F5C5}.Release|iPhoneSimulator.Build.0 = Release|Any CPU
	EndGlobalSection
	GlobalSection(SolutionProperties) = preSolution
		HideSolutionNode = FALSE
	EndGlobalSection
	GlobalSection(ExtensibilityGlobals) = postSolution
		SolutionGuid = {951E6D86-C80B-43E5-8879-C7D94A85156A}
	EndGlobalSection
EndGlobal
